
Microsoft Visual Studio Solution File, Format Version 12.00
# Visual Studio Version 17
VisualStudioVersion = 17.11.35303.130
MinimumVisualStudioVersion = 10.0.40219.1
Project("{FAE04EC0-301F-11D3-BF4B-00C04F79EFBC}") = "WpfApp7", "WpfApp7\WpfApp7.csproj", "{A46445BD-B069-45A9-92C7-F33523B23640}"
EndProject
Global
	GlobalSection(SolutionConfigurationPlatforms) = preSolution
		Debug|Any CPU = Debug|Any CPU
		Release|Any CPU = Release|Any CPU
	EndGlobalSection
	GlobalSection(ProjectConfigurationPlatforms) = postSolution
		{A46445BD-B069-45A9-92C7-F33523B23640}.Debug|Any CPU.ActiveCfg = Debug|Any CPU
		{A46445BD-B069-45A9-92C7-F33523B23640}.Debug|Any CPU.Build.0 = Debug|Any CPU
		{A46445BD-B069-45A9-92C7-F33523B23640}.Release|Any CPU.ActiveCfg = Release|Any CPU
		{A46445BD-B069-45A9-92C7-F33523B23640}.Release|Any CPU.Build.0 = Release|Any CPU
	EndGlobalSection
	GlobalSection(SolutionProperties) = preSolution
		HideSolutionNode = FALSE
	EndGlobalSection
	GlobalSection(ExtensibilityGlobals) = postSolution
		SolutionGuid = {C8E266EE-4F56-482D-ABD8-EE4AFC9A2670}
	EndGlobalSection
EndGlobal
